
Microsoft Visual Studio Solution File, Format Version 12.00
# Visual Studio Version 16
VisualStudioVersion = 16.0.29503.13
MinimumVisualStudioVersion = 10.0.40219.1
Project("{FAE04EC0-301F-11D3-BF4B-00C04F79EFBC}") = "Calculator", "Calculator.csproj", "{04EC96AA-5619-4AFE-BF9F-E52F010D5815}"
EndProject
Global
	GlobalSection(SolutionConfigurationPlatforms) = preSolution
		Debug|Any CPU = Debug|Any CPU
		Release|Any CPU = Release|Any CPU
	EndGlobalSection
	GlobalSection(ProjectConfigurationPlatforms) = postSolution
		{04EC96AA-5619-4AFE-BF9F-E52F010D5815}.Debug|Any CPU.ActiveCfg = Debug|Any CPU
		{04EC96AA-5619-4AFE-BF9F-E52F010D5815}.Debug|Any CPU.Build.0 = Debug|Any CPU
		{04EC96AA-5619-4AFE-BF9F-E52F010D5815}.Release|Any CPU.ActiveCfg = Release|Any CPU
		{04EC96AA-5619-4AFE-BF9F-E52F010D5815}.Release|Any CPU.Build.0 = Release|Any CPU
	EndGlobalSection
	GlobalSection(SolutionProperties) = preSolution
		HideSolutionNode = FALSE
	EndGlobalSection
	GlobalSection(ExtensibilityGlobals) = postSolution
		SolutionGuid = {70E5F518-9F63-4DD6-B5C9-824E8A8AC3D9}
	EndGlobalSection
EndGlobal
